
Microsoft Visual Studio Solution File, Format Version 12.00
# Visual Studio 15
VisualStudioVersion = 15.0.28010.2016
MinimumVisualStudioVersion = 10.0.40219.1
Project("{8BC9CEB8-8B4A-11D0-8D11-00A0C91BC942}") = "MTRN3500Ass2", "MTRN3500Ass2\MTRN3500Ass2.vcxproj", "{ED1C08F7-ADE8-4166-A2C6-E5533999ACFF}"
	ProjectSection(ProjectDependencies) = postProject
		{376197BC-342F-439B-A6F6-66C57C63F087} = {376197BC-342F-439B-A6F6-66C57C63F087}
	EndProjectSection
EndProject
Project("{8BC9CEB8-8B4A-11D0-8D11-00A0C91BC942}") = "ProcessManager", "ProcessManager\ProcessManager.vcxproj", "{376197BC-342F-439B-A6F6-66C57C63F087}"
EndProject
Project("{8BC9CEB8-8B4A-11D0-8D11-00A0C91BC942}") = "Laser", "Laser\Laser.vcxproj", "{7BEFA706-2D39-479C-B980-6E89A3E8155C}"
EndProject
Project("{8BC9CEB8-8B4A-11D0-8D11-00A0C91BC942}") = "Visualisation", "Visualisation\Visualisation.vcxproj", "{7A5D53FC-53A1-4E07-8AFE-0941F3F976B5}"
EndProject
Project("{8BC9CEB8-8B4A-11D0-8D11-00A0C91BC942}") = "VehicleControl", "VehicleControl\VehicleControl.vcxproj", "{18FDA6B5-12F7-4EE9-B90F-EF324A6D85C0}"
EndProject
Project("{8BC9CEB8-8B4A-11D0-8D11-00A0C91BC942}") = "RemoteControl", "RemoteControl\RemoteControl.vcxproj", "{045E9EB2-E502-4572-AE59-A70862032D51}"
EndProject
Project("{8BC9CEB8-8B4A-11D0-8D11-00A0C91BC942}") = "GPS", "GPS\GPS.vcxproj", "{F6D6DD5F-82DB-4446-91C0-29752BD15CBB}"
EndProject
Project("{8BC9CEB8-8B4A-11D0-8D11-00A0C91BC942}") = "Camera", "Camera\Camera.vcxproj", "{4F353C6B-8ADD-4067-99D2-AA165E042F91}"
EndProject
Global
	GlobalSection(SolutionConfigurationPlatforms) = preSolution
		Debug|x64 = Debug|x64
		Debug|x86 = Debug|x86
		Release|x64 = Release|x64
		Release|x86 = Release|x86
	EndGlobalSection
	GlobalSection(ProjectConfigurationPlatforms) = postSolution
		{ED1C08F7-ADE8-4166-A2C6-E5533999ACFF}.Debug|x64.ActiveCfg = Debug|x64
		{ED1C08F7-ADE8-4166-A2C6-E5533999ACFF}.Debug|x64.Build.0 = Debug|x64
		{ED1C08F7-ADE8-4166-A2C6-E5533999ACFF}.Debug|x86.ActiveCfg = Debug|Win32
		{ED1C08F7-ADE8-4166-A2C6-E5533999ACFF}.Debug|x86.Build.0 = Debug|Win32
		{ED1C08F7-ADE8-4166-A2C6-E5533999ACFF}.Release|x64.ActiveCfg = Release|x64
		{ED1C08F7-ADE8-4166-A2C6-E5533999ACFF}.Release|x64.Build.0 = Release|x64
		{ED1C08F7-ADE8-4166-A2C6-E5533999ACFF}.Release|x86.ActiveCfg = Release|Win32
		{ED1C08F7-ADE8-4166-A2C6-E5533999ACFF}.Release|x86.Build.0 = Release|Win32
		{376197BC-342F-439B-A6F6-66C57C63F087}.Debug|x64.ActiveCfg = Debug|x64
		{376197BC-342F-439B-A6F6-66C57C63F087}.Debug|x64.Build.0 = Debug|x64
		{376197BC-342F-439B-A6F6-66C57C63F087}.Debug|x86.ActiveCfg = Debug|Win32
		{376197BC-342F-439B-A6F6-66C57C63F087}.Debug|x86.Build.0 = Debug|Win32
		{376197BC-342F-439B-A6F6-66C57C63F087}.Release|x64.ActiveCfg = Release|x64
		{376197BC-342F-439B-A6F6-66C57C63F087}.Release|x64.Build.0 = Release|x64
		{376197BC-342F-439B-A6F6-66C57C63F087}.Release|x86.ActiveCfg = Release|Win32
		{376197BC-342F-439B-A6F6-66C57C63F087}.Release|x86.Build.0 = Release|Win32
		{7BEFA706-2D39-479C-B980-6E89A3E8155C}.Debug|x64.ActiveCfg = Debug|x64
		{7BEFA706-2D39-479C-B980-6E89A3E8155C}.Debug|x64.Build.0 = Debug|x64
		{7BEFA706-2D39-479C-B980-6E89A3E8155C}.Debug|x86.ActiveCfg = Debug|Win32
		{7BEFA706-2D39-479C-B980-6E89A3E8155C}.Debug|x86.Build.0 = Debug|Win32
		{7BEFA706-2D39-479C-B980-6E89A3E8155C}.Release|x64.ActiveCfg = Release|x64
		{7BEFA706-2D39-479C-B980-6E89A3E8155C}.Release|x64.Build.0 = Release|x64
		{7BEFA706-2D39-479C-B980-6E89A3E8155C}.Release|x86.ActiveCfg = Release|Win32
		{7BEFA706-2D39-479C-B980-6E89A3E8155C}.Release|x86.Build.0 = Release|Win32
		{7A5D53FC-53A1-4E07-8AFE-0941F3F976B5}.Debug|x64.ActiveCfg = Debug|x64
		{7A5D53FC-53A1-4E07-8AFE-0941F3F976B5}.Debug|x64.Build.0 = Debug|x64
		{7A5D53FC-53A1-4E07-8AFE-0941F3F976B5}.Debug|x86.ActiveCfg = Debug|Win32
		{7A5D53FC-53A1-4E07-8AFE-0941F3F976B5}.Debug|x86.Build.0 = Debug|Win32
		{7A5D53FC-53A1-4E07-8AFE-0941F3F976B5}.Release|x64.ActiveCfg = Release|x64
		{7A5D53FC-53A1-4E07-8AFE-0941F3F976B5}.Release|x64.Build.0 = Release|x64
		{7A5D53FC-53A1-4E07-8AFE-0941F3F976B5}.Release|x86.ActiveCfg = Release|Win32
		{7A5D53FC-53A1-4E07-8AFE-0941F3F976B5}.Release|x86.Build.0 = Release|Win32
		{18FDA6B5-12F7-4EE9-B90F-EF324A6D85C0}.Debug|x64.ActiveCfg = Debug|x64
		{18FDA6B5-12F7-4EE9-B90F-EF324A6D85C0}.Debug|x64.Build.0 = Debug|x64
		{18FDA6B5-12F7-4EE9-B90F-EF324A6D85C0}.Debug|x86.ActiveCfg = Debug|Win32
		{18FDA6B5-12F7-4EE9-B90F-EF324A6D85C0}.Debug|x86.Build.0 = Debug|Win32
		{18FDA6B5-12F7-4EE9-B90F-EF324A6D85C0}.Release|x64.ActiveCfg = Release|x64
		{18FDA6B5-12F7-4EE9-B90F-EF324A6D85C0}.Release|x64.Build.0 = Release|x64
		{18FDA6B5-12F7-4EE9-B90F-EF324A6D85C0}.Release|x86.ActiveCfg = Release|Win32
		{18FDA6B5-12F7-4EE9-B90F-EF324A6D85C0}.Release|x86.Build.0 = Release|Win32
		{045E9EB2-E502-4572-AE59-A70862032D51}.Debug|x64.ActiveCfg = Debug|x64
		{045E9EB2-E502-4572-AE59-A70862032D51}.Debug|x64.Build.0 = Debug|x64
		{045E9EB2-E502-4572-AE59-A70862032D51}.Debug|x86.ActiveCfg = Debug|Win32
		{045E9EB2-E502-4572-AE59-A70862032D51}.Debug|x86.Build.0 = Debug|Win32
		{045E9EB2-E502-4572-AE59-A70862032D51}.Release|x64.ActiveCfg = Release|x64
		{045E9EB2-E502-4572-AE59-A70862032D51}.Release|x64.Build.0 = Release|x64
		{045E9EB2-E502-4572-AE59-A70862032D51}.Release|x86.ActiveCfg = Release|Win32
		{045E9EB2-E502-4572-AE59-A70862032D51}.Release|x86.Build.0 = Release|Win32
		{F6D6DD5F-82DB-4446-91C0-29752BD15CBB}.Debug|x64.ActiveCfg = Debug|x64
		{F6D6DD5F-82DB-4446-91C0-29752BD15CBB}.Debug|x64.Build.0 = Debug|x64
		{F6D6DD5F-82DB-4446-91C0-29752BD15CBB}.Debug|x86.ActiveCfg = Debug|Win32
		{F6D6DD5F-82DB-4446-91C0-29752BD15CBB}.Debug|x86.Build.0 = Debug|Win32
		{F6D6DD5F-82DB-4446-91C0-29752BD15CBB}.Release|x64.ActiveCfg = Release|x64
		{F6D6DD5F-82DB-4446-91C0-29752BD15CBB}.Release|x64.Build.0 = Release|x64
		{F6D6DD5F-82DB-4446-91C0-29752BD15CBB}.Release|x86.ActiveCfg = Release|Win32
		{F6D6DD5F-82DB-4446-91C0-29752BD15CBB}.Release|x86.Build.0 = Release|Win32
		{4F353C6B-8ADD-4067-99D2-AA165E042F91}.Debug|x64.ActiveCfg = Debug|x64
		{4F353C6B-8ADD-4067-99D2-AA165E042F91}.Debug|x64.Build.0 = Debug|x64
		{4F353C6B-8ADD-4067-99D2-AA165E042F91}.Debug|x86.ActiveCfg = Debug|Win32
		{4F353C6B-8ADD-4067-99D2-AA165E042F91}.Debug|x86.Build.0 = Debug|Win32
		{4F353C6B-8ADD-4067-99D2-AA165E042F91}.Release|x64.ActiveCfg = Release|x64
		{4F353C6B-8ADD-4067-99D2-AA165E042F91}.Release|x64.Build.0 = Release|x64
		{4F353C6B-8ADD-4067-99D2-AA165E042F91}.Release|x86.ActiveCfg = Release|Win32
		{4F353C6B-8ADD-4067-99D2-AA165E042F91}.Release|x86.Build.0 = Release|Win32
	EndGlobalSection
	GlobalSection(SolutionProperties) = preSolution
		HideSolutionNode = FALSE
	EndGlobalSection
	GlobalSection(ExtensibilityGlobals) = postSolution
		SolutionGuid = {4CCFDD03-9BAC-4A31-91B0-B1736613BCDF}
	EndGlobalSection
EndGlobal
